// !$*UTF8*$!
{
	archiveVersion = 1;
	classes = {
	};
	objectVersion = 46;
	objects = {

/* Begin PBXBuildFile section */
		119F446E1A5D863100BB3FA7 /* AppDelegate.swift in Sources */ = {isa = PBXBuildFile; fileRef = 119F446D1A5D863100BB3FA7 /* AppDelegate.swift */; };
		119F44701A5D863100BB3FA7 /* ViewController.swift in Sources */ = {isa = PBXBuildFile; fileRef = 119F446F1A5D863100BB3FA7 /* ViewController.swift */; };
		119F44731A5D863100BB3FA7 /* Main.storyboard in Resources */ = {isa = PBXBuildFile; fileRef = 119F44711A5D863100BB3FA7 /* Main.storyboard */; };
		119F44751A5D863100BB3FA7 /* Images.xcassets in Resources */ = {isa = PBXBuildFile; fileRef = 119F44741A5D863100BB3FA7 /* Images.xcassets */; };
		119F44781A5D863100BB3FA7 /* LaunchScreen.xib in Resources */ = {isa = PBXBuildFile; fileRef = 119F44761A5D863100BB3FA7 /* LaunchScreen.xib */; };
		119F44841A5D863100BB3FA7 /* readyTests.swift in Sources */ = {isa = PBXBuildFile; fileRef = 119F44831A5D863100BB3FA7 /* readyTests.swift */; };
/* End PBXBuildFile section */

/* Begin PBXContainerItemProxy section */
		119F447E1A5D863100BB3FA7 /* PBXContainerItemProxy */ = {
			isa = PBXContainerItemProxy;
			containerPortal = 119F44601A5D863100BB3FA7 /* Project object */;
			proxyType = 1;
			remoteGlobalIDString = 119F44671A5D863100BB3FA7;
			remoteInfo = ready;
		};
/* End PBXContainerItemProxy section */

/* Begin PBXFileReference section */
		119F44681A5D863100BB3FA7 /* ready.app */ = {isa = PBXFileReference; explicitFileType = wrapper.application; includeInIndex = 0; path = ready.app; sourceTree = BUILT_PRODUCTS_DIR; };
		119F446C1A5D863100BB3FA7 /* Info.plist */ = {isa = PBXFileReference; lastKnownFileType = text.plist.xml; path = Info.plist; sourceTree = "<group>"; };
		119F446D1A5D863100BB3FA7 /* AppDelegate.swift */ = {isa = PBXFileReference; lastKnownFileType = sourcecode.swift; path = AppDelegate.swift; sourceTree = "<group>"; };
		119F446F1A5D863100BB3FA7 /* ViewController.swift */ = {isa = PBXFileReference; lastKnownFileType = sourcecode.swift; path = ViewController.swift; sourceTree = "<group>"; };
		119F44721A5D863100BB3FA7 /* Base */ = {isa = PBXFileReference; lastKnownFileType = file.storyboard; name = Base; path = Base.lproj/Main.storyboard; sourceTree = "<group>"; };
		119F44741A5D863100BB3FA7 /* Images.xcassets */ = {isa = PBXFileReference; lastKnownFileType = folder.assetcatalog; path = Images.xcassets; sourceTree = "<group>"; };
		119F44771A5D863100BB3FA7 /* Base */ = {isa = PBXFileReference; lastKnownFileType = file.xib; name = Base; path = Base.lproj/LaunchScreen.xib; sourceTree = "<group>"; };
		119F447D1A5D863100BB3FA7 /* readyTests.xctest */ = {isa = PBXFileReference; explicitFileType = wrapper.cfbundle; includeInIndex = 0; path = readyTests.xctest; sourceTree = BUILT_PRODUCTS_DIR; };
		119F44821A5D863100BB3FA7 /* Info.plist */ = {isa = PBXFileReference; lastKnownFileType = text.plist.xml; path = Info.plist; sourceTree = "<group>"; };
		119F44831A5D863100BB3FA7 /* readyTests.swift */ = {isa = PBXFileReference; lastKnownFileType = sourcecode.swift; path = readyTests.swift; sourceTree = "<group>"; };
/* End PBXFileReference section */

/* Begin PBXFrameworksBuildPhase section */
		119F44651A5D863100BB3FA7 /* Frameworks */ = {
			isa = PBXFrameworksBuildPhase;
			buildActionMask = 2147483647;
			files = (
			);
			runOnlyForDeploymentPostprocessing = 0;
		};
		119F447A1A5D863100BB3FA7 /* Frameworks */ = {
			isa = PBXFrameworksBuildPhase;
			buildActionMask = 2147483647;
			files = (
			);
			runOnlyForDeploymentPostprocessing = 0;
		};
/* End PBXFrameworksBuildPhase section */

/* Begin PBXGroup section */
		119F445F1A5D863100BB3FA7 = {
			isa = PBXGroup;
			children = (
				119F446A1A5D863100BB3FA7 /* ready */,
				119F44801A5D863100BB3FA7 /* readyTests */,
				119F44691A5D863100BB3FA7 /* Products */,
			);
			sourceTree = "<group>";
		};
		119F44691A5D863100BB3FA7 /* Products */ = {
			isa = PBXGroup;
			children = (
				119F44681A5D863100BB3FA7 /* ready.app */,
				119F447D1A5D863100BB3FA7 /* readyTests.xctest */,
			);
			name = Products;
			sourceTree = "<group>";
		};
		119F446A1A5D863100BB3FA7 /* ready */ = {
			isa = PBXGroup;
			children = (
				119F446D1A5D863100BB3FA7 /* AppDelegate.swift */,
				119F446F1A5D863100BB3FA7 /* ViewController.swift */,
				119F44711A5D863100BB3FA7 /* Main.storyboard */,
				119F44741A5D863100BB3FA7 /* Images.xcassets */,
				119F44761A5D863100BB3FA7 /* LaunchScreen.xib */,
				119F446B1A5D863100BB3FA7 /* Supporting Files */,
			);
			path = ready;
			sourceTree = "<group>";
		};
		119F446B1A5D863100BB3FA7 /* Supporting Files */ = {
			isa = PBXGroup;
			children = (
				119F446C1A5D863100BB3FA7 /* Info.plist */,
			);
			name = "Supporting Files";
			sourceTree = "<group>";
		};
		119F44801A5D863100BB3FA7 /* readyTests */ = {
			isa = PBXGroup;
			children = (
				119F44831A5D863100BB3FA7 /* readyTests.swift */,
				119F44811A5D863100BB3FA7 /* Supporting Files */,
			);
			path = readyTests;
			sourceTree = "<group>";
		};
		119F44811A5D863100BB3FA7 /* Supporting Files */ = {
			isa = PBXGroup;
			children = (
				119F44821A5D863100BB3FA7 /* Info.plist */,
			);
			name = "Supporting Files";
			sourceTree = "<group>";
		};
/* End PBXGroup section */

/* Begin PBXNativeTarget section */
		119F44671A5D863100BB3FA7 /* ready */ = {
			isa = PBXNativeTarget;
			buildConfigurationList = 119F44871A5D863100BB3FA7 /* Build configuration list for PBXNativeTarget "ready" */;
			buildPhases = (
				119F44641A5D863100BB3FA7 /* Sources */,
				119F44651A5D863100BB3FA7 /* Frameworks */,
				119F44661A5D863100BB3FA7 /* Resources */,
			);
			buildRules = (
			);
			dependencies = (
			);
			name = ready;
			productName = ready;
			productReference = 119F44681A5D863100BB3FA7 /* ready.app */;
			productType = "com.apple.product-type.application";
		};
		119F447C1A5D863100BB3FA7 /* readyTests */ = {
			isa = PBXNativeTarget;
			buildConfigurationList = 119F448A1A5D863100BB3FA7 /* Build configuration list for PBXNativeTarget "readyTests" */;
			buildPhases = (
				119F44791A5D863100BB3FA7 /* Sources */,
				119F447A1A5D863100BB3FA7 /* Frameworks */,
				119F447B1A5D863100BB3FA7 /* Resources */,
			);
			buildRules = (
			);
			dependencies = (
				119F447F1A5D863100BB3FA7 /* PBXTargetDependency */,
			);
			name = readyTests;
			productName = readyTests;
			productReference = 119F447D1A5D863100BB3FA7 /* readyTests.xctest */;
			productType = "com.apple.product-type.bundle.unit-test";
		};
/* End PBXNativeTarget section */

/* Begin PBXProject section */
		119F44601A5D863100BB3FA7 /* Project object */ = {
			isa = PBXProject;
			attributes = {
				LastUpgradeCheck = 0610;
				ORGANIZATIONNAME = "Raymond Allen Eli";
				TargetAttributes = {
					119F44671A5D863100BB3FA7 = {
						CreatedOnToolsVersion = 6.1.1;
					};
					119F447C1A5D863100BB3FA7 = {
						CreatedOnToolsVersion = 6.1.1;
						TestTargetID = 119F44671A5D863100BB3FA7;
					};
				};
			};
			buildConfigurationList = 119F44631A5D863100BB3FA7 /* Build configuration list for PBXProject "ready" */;
			compatibilityVersion = "Xcode 3.2";
			developmentRegion = English;
			hasScannedForEncodings = 0;
			knownRegions = (
				en,
				Base,
			);
			mainGroup = 119F445F1A5D863100BB3FA7;
			productRefGroup = 119F44691A5D863100BB3FA7 /* Products */;
			projectDirPath = "";
			projectRoot = "";
			targets = (
				119F44671A5D863100BB3FA7 /* ready */,
				119F447C1A5D863100BB3FA7 /* readyTests */,
			);
		};
/* End PBXProject section */

/* Begin PBXResourcesBuildPhase section */
		119F44661A5D863100BB3FA7 /* Resources */ = {
			isa = PBXResourcesBuildPhase;
			buildActionMask = 2147483647;
			files = (
				119F44731A5D863100BB3FA7 /* Main.storyboard in Resources */,
				119F44781A5D863100BB3FA7 /* LaunchScreen.xib in Resources */,
				119F44751A5D863100BB3FA7 /* Images.xcassets in Resources */,
			);
			runOnlyForDeploymentPostprocessing = 0;
		};
		119F447B1A5D863100BB3FA7 /* Resources */ = {
			isa = PBXResourcesBuildPhase;
			buildActionMask = 2147483647;
			files = (
			);
			runOnlyForDeploymentPostprocessing = 0;
		};
/* End PBXResourcesBuildPhase section */

/* Begin PBXSourcesBuildPhase section */
		119F44641A5D863100BB3FA7 /* Sources */ = {
			isa = PBXSourcesBuildPhase;
			buildActionMask = 2147483647;
			files = (
				119F44701A5D863100BB3FA7 /* ViewController.swift in Sources */,
				119F446E1A5D863100BB3FA7 /* AppDelegate.swift in Sources */,
			);
			runOnlyForDeploymentPostprocessing = 0;
		};
		119F44791A5D863100BB3FA7 /* Sources */ = {
			isa = PBXSourcesBuildPhase;
			buildActionMask = 2147483647;
			files = (
				119F44841A5D863100BB3FA7 /* readyTests.swift in Sources */,
			);
			runOnlyForDeploymentPostprocessing = 0;
		};
/* End PBXSourcesBuildPhase section */

/* Begin PBXTargetDependency section */
		119F447F1A5D863100BB3FA7 /* PBXTargetDependency */ = {
			isa = PBXTargetDependency;
			target = 119F44671A5D863100BB3FA7 /* ready */;
			targetProxy = 119F447E1A5D863100BB3FA7 /* PBXContainerItemProxy */;
		};
/* End PBXTargetDependency section */

/* Begin PBXVariantGroup section */
		119F44711A5D863100BB3FA7 /* Main.storyboard */ = {
			isa = PBXVariantGroup;
			children = (
				119F44721A5D863100BB3FA7 /* Base */,
			);
			name = Main.storyboard;
			sourceTree = "<group>";
		};
		119F44761A5D863100BB3FA7 /* LaunchScreen.xib */ = {
			isa = PBXVariantGroup;
			children = (
				119F44771A5D863100BB3FA7 /* Base */,
			);
			name = LaunchScreen.xib;
			sourceTree = "<group>";
		};
/* End PBXVariantGroup section */

/* Begin XCBuildConfiguration section */
		119F44851A5D863100BB3FA7 /* Debug */ = {
			isa = XCBuildConfiguration;
			buildSettings = {
				ALWAYS_SEARCH_USER_PATHS = NO;
				CLANG_CXX_LANGUAGE_STANDARD = "gnu++0x";
				CLANG_CXX_LIBRARY = "libc++";
				CLANG_ENABLE_MODULES = YES;
				CLANG_ENABLE_OBJC_ARC = YES;
				CLANG_WARN_BOOL_CONVERSION = YES;
				CLANG_WARN_CONSTANT_CONVERSION = YES;
				CLANG_WARN_DIRECT_OBJC_ISA_USAGE = YES_ERROR;
				CLANG_WARN_EMPTY_BODY = YES;
				CLANG_WARN_ENUM_CONVERSION = YES;
				CLANG_WARN_INT_CONVERSION = YES;
				CLANG_WARN_OBJC_ROOT_CLASS = YES_ERROR;
				CLANG_WARN_UNREACHABLE_CODE = YES;
				CLANG_WARN__DUPLICATE_METHOD_MATCH = YES;
				"CODE_SIGN_IDENTITY[sdk=iphoneos*]" = "iPhone Developer";
				COPY_PHASE_STRIP = NO;
				ENABLE_STRICT_OBJC_MSGSEND = YES;
				GCC_C_LANGUAGE_STANDARD = gnu99;
				GCC_DYNAMIC_NO_PIC = NO;
				GCC_OPTIMIZATION_LEVEL = 0;
				GCC_PREPROCESSOR_DEFINITIONS = (
					"DEBUG=1",
					"$(inherited)",
				);
				GCC_SYMBOLS_PRIVATE_EXTERN = NO;
				GCC_WARN_64_TO_32_BIT_CONVERSION = YES;
				GCC_WARN_ABOUT_RETURN_TYPE = YES_ERROR;
				GCC_WARN_UNDECLARED_SELECTOR = YES;
				GCC_WARN_UNINITIALIZED_AUTOS = YES_AGGRESSIVE;
				GCC_WARN_UNUSED_FUNCTION = YES;
				GCC_WARN_UNUSED_VARIABLE = YES;
				IPHONEOS_DEPLOYMENT_TARGET = 8.1;
				MTL_ENABLE_DEBUG_INFO = YES;
				ONLY_ACTIVE_ARCH = YES;
				SDKROOT = iphoneos;
				SWIFT_OPTIMIZATION_LEVEL = "-Onone";
				TARGETED_DEVICE_FAMILY = "1,2";
			};
			name = Debug;
		};
		119F44861A5D863100BB3FA7 /* Release */ = {
			isa = XCBuildConfiguration;
			buildSettings = {
				ALWAYS_SEARCH_USER_PATHS = NO;
				CLANG_CXX_LANGUAGE_STANDARD = "gnu++0x";
				CLANG_CXX_LIBRARY = "libc++";
				CLANG_ENABLE_MODULES = YES;
				CLANG_ENABLE_OBJC_ARC = YES;
				CLANG_WARN_BOOL_CONVERSION = YES;
				CLANG_WARN_CONSTANT_CONVERSION = YES;
				CLANG_WARN_DIRECT_OBJC_ISA_USAGE = YES_ERROR;
				CLANG_WARN_EMPTY_BODY = YES;
				CLANG_WARN_ENUM_CONVERSION = YES;
				CLANG_WARN_INT_CONVERSION = YES;
				CLANG_WARN_OBJC_ROOT_CLASS = YES_ERROR;
				CLANG_WARN_UNREACHABLE_CODE = YES;
				CLANG_WARN__DUPLICATE_METHOD_MATCH = YES;
				"CODE_SIGN_IDENTITY[sdk=iphoneos*]" = "iPhone Developer";
				COPY_PHASE_STRIP = YES;
				ENABLE_NS_ASSERTIONS = NO;
				ENABLE_STRICT_OBJC_MSGSEND = YES;
				GCC_C_LANGUAGE_STANDARD = gnu99;
				GCC_WARN_64_TO_32_BIT_CONVERSION = YES;
				GCC_WARN_ABOUT_RETURN_TYPE = YES_ERROR;
				GCC_WARN_UNDECLARED_SELECTOR = YES;
				GCC_WARN_UNINITIALIZED_AUTOS = YES_AGGRESSIVE;
				GCC_WARN_UNUSED_FUNCTION = YES;
				GCC_WARN_UNUSED_VARIABLE = YES;
				IPHONEOS_DEPLOYMENT_TARGET = 8.1;
				MTL_ENABLE_DEBUG_INFO = NO;
				SDKROOT = iphoneos;
				TARGETED_DEVICE_FAMILY = "1,2";
				VALIDATE_PRODUCT = YES;
			};
			name = Release;
		};
		119F44881A5D863100BB3FA7 /* Debug */ = {
			isa = XCBuildConfiguration;
			buildSettings = {
				ASSETCATALOG_COMPILER_APPICON_NAME = AppIcon;
				INFOPLIST_FILE = ready/Info.plist;
				LD_RUNPATH_SEARCH_PATHS = "$(inherited) @executable_path/Frameworks";
				PRODUCT_NAME = "$(TARGET_NAME)";
			};
			name = Debug;
		};
		119F44891A5D863100BB3FA7 /* Release */ = {
			isa = XCBuildConfiguration;
			buildSettings = {
				ASSETCATALOG_COMPILER_APPICON_NAME = AppIcon;
				INFOPLIST_FILE = ready/Info.plist;
				LD_RUNPATH_SEARCH_PATHS = "$(inherited) @executable_path/Frameworks";
				PRODUCT_NAME = "$(TARGET_NAME)";
			};
			name = Release;
		};
		119F448B1A5D863100BB3FA7 /* Debug */ = {
			isa = XCBuildConfiguration;
			buildSettings = {
				BUNDLE_LOADER = "$(TEST_HOST)";
				FRAMEWORK_SEARCH_PATHS = (
					"$(SDKROOT)/Developer/Library/Frameworks",
					"$(inherited)",
				);
				GCC_PREPROCESSOR_DEFINITIONS = (
					"DEBUG=1",
					"$(inherited)",
				);
				INFOPLIST_FILE = readyTests/Info.plist;
				LD_RUNPATH_SEARCH_PATHS = "$(inherited) @executable_path/Frameworks @loader_path/Frameworks";
				PRODUCT_NAME = "$(TARGET_NAME)";
				TEST_HOST = "$(BUILT_PRODUCTS_DIR)/ready.app/ready";
			};
			name = Debug;
		};
		119F448C1A5D863100BB3FA7 /* Release */ = {
			isa = XCBuildConfiguration;
			buildSettings = {
				BUNDLE_LOADER = "$(TEST_HOST)";
				FRAMEWORK_SEARCH_PATHS = (
					"$(SDKROOT)/Developer/Library/Frameworks",
					"$(inherited)",
				);
				INFOPLIST_FILE = readyTests/Info.plist;
				LD_RUNPATH_SEARCH_PATHS = "$(inherited) @executable_path/Frameworks @loader_path/Frameworks";
				PRODUCT_NAME = "$(TARGET_NAME)";
				TEST_HOST = "$(BUILT_PRODUCTS_DIR)/ready.app/ready";
			};
			name = Release;
		};
/* End XCBuildConfiguration section */

/* Begin XCConfigurationList section */
		119F44631A5D863100BB3FA7 /* Build configuration list for PBXProject "ready" */ = {
			isa = XCConfigurationList;
			buildConfigurations = (
				119F44851A5D863100BB3FA7 /* Debug */,
				119F44861A5D863100BB3FA7 /* Release */,
			);
			defaultConfigurationIsVisible = 0;
			defaultConfigurationName = Release;
		};
		119F44871A5D863100BB3FA7 /* Build configuration list for PBXNativeTarget "ready" */ = {
			isa = XCConfigurationList;
			buildConfigurations = (
				119F44881A5D863100BB3FA7 /* Debug */,
				119F44891A5D863100BB3FA7 /* Release */,
			);
			defaultConfigurationIsVisible = 0;
		};
		119F448A1A5D863100BB3FA7 /* Build configuration list for PBXNativeTarget "readyTests" */ = {
			isa = XCConfigurationList;
			buildConfigurations = (
				119F448B1A5D863100BB3FA7 /* Debug */,
				119F448C1A5D863100BB3FA7 /* Release */,
			);
			defaultConfigurationIsVisible = 0;
		};
/* End XCConfigurationList section */
	};
	rootObject = 119F44601A5D863100BB3FA7 /* Project object */;
}
